
Microsoft Visual Studio Solution File, Format Version 12.00
# Visual Studio Version 16
VisualStudioVersion = 16.0.30204.135
MinimumVisualStudioVersion = 10.0.40219.1
Project("{FAE04EC0-301F-11D3-BF4B-00C04F79EFBC}") = "StrategyPattern", "StrategyPattern\StrategyPattern.csproj", "{376790E3-FC2E-45DD-AA0E-4595743B11F6}"
EndProject
Project("{FAE04EC0-301F-11D3-BF4B-00C04F79EFBC}") = "Test", "Test\Test.csproj", "{E8943E03-9012-41B6-8EA5-70638EC2CA99}"
EndProject
Project("{FAE04EC0-301F-11D3-BF4B-00C04F79EFBC}") = "BuilderPattern", "BuilderPattern\BuilderPattern.csproj", "{7D40EAFC-A4C5-49DF-AF79-CDF414733FDF}"
EndProject
Project("{FAE04EC0-301F-11D3-BF4B-00C04F79EFBC}") = "AbstractFactoryPattern", "AbstractFactoryPattern\AbstractFactoryPattern.csproj", "{8CE99611-5431-491E-A130-65FD2F82A66B}"
EndProject
Project("{FAE04EC0-301F-11D3-BF4B-00C04F79EFBC}") = "FactoryMethodPattern", "FactoryMethodPattern\FactoryMethodPattern.csproj", "{487FE7F1-D7A6-4A2F-B36B-AF9087F179A7}"
EndProject
Global
	GlobalSection(SolutionConfigurationPlatforms) = preSolution
		Debug|Any CPU = Debug|Any CPU
		Release|Any CPU = Release|Any CPU
	EndGlobalSection
	GlobalSection(ProjectConfigurationPlatforms) = postSolution
		{376790E3-FC2E-45DD-AA0E-4595743B11F6}.Debug|Any CPU.ActiveCfg = Debug|Any CPU
		{376790E3-FC2E-45DD-AA0E-4595743B11F6}.Debug|Any CPU.Build.0 = Debug|Any CPU
		{376790E3-FC2E-45DD-AA0E-4595743B11F6}.Release|Any CPU.ActiveCfg = Release|Any CPU
		{376790E3-FC2E-45DD-AA0E-4595743B11F6}.Release|Any CPU.Build.0 = Release|Any CPU
		{E8943E03-9012-41B6-8EA5-70638EC2CA99}.Debug|Any CPU.ActiveCfg = Debug|Any CPU
		{E8943E03-9012-41B6-8EA5-70638EC2CA99}.Debug|Any CPU.Build.0 = Debug|Any CPU
		{E8943E03-9012-41B6-8EA5-70638EC2CA99}.Release|Any CPU.ActiveCfg = Release|Any CPU
		{E8943E03-9012-41B6-8EA5-70638EC2CA99}.Release|Any CPU.Build.0 = Release|Any CPU
		{7D40EAFC-A4C5-49DF-AF79-CDF414733FDF}.Debug|Any CPU.ActiveCfg = Debug|Any CPU
		{7D40EAFC-A4C5-49DF-AF79-CDF414733FDF}.Debug|Any CPU.Build.0 = Debug|Any CPU
		{7D40EAFC-A4C5-49DF-AF79-CDF414733FDF}.Release|Any CPU.ActiveCfg = Release|Any CPU
		{7D40EAFC-A4C5-49DF-AF79-CDF414733FDF}.Release|Any CPU.Build.0 = Release|Any CPU
		{8CE99611-5431-491E-A130-65FD2F82A66B}.Debug|Any CPU.ActiveCfg = Debug|Any CPU
		{8CE99611-5431-491E-A130-65FD2F82A66B}.Debug|Any CPU.Build.0 = Debug|Any CPU
		{8CE99611-5431-491E-A130-65FD2F82A66B}.Release|Any CPU.ActiveCfg = Release|Any CPU
		{8CE99611-5431-491E-A130-65FD2F82A66B}.Release|Any CPU.Build.0 = Release|Any CPU
		{487FE7F1-D7A6-4A2F-B36B-AF9087F179A7}.Debug|Any CPU.ActiveCfg = Debug|Any CPU
		{487FE7F1-D7A6-4A2F-B36B-AF9087F179A7}.Debug|Any CPU.Build.0 = Debug|Any CPU
		{487FE7F1-D7A6-4A2F-B36B-AF9087F179A7}.Release|Any CPU.ActiveCfg = Release|Any CPU
		{487FE7F1-D7A6-4A2F-B36B-AF9087F179A7}.Release|Any CPU.Build.0 = Release|Any CPU
	EndGlobalSection
	GlobalSection(SolutionProperties) = preSolution
		HideSolutionNode = FALSE
	EndGlobalSection
	GlobalSection(ExtensibilityGlobals) = postSolution
		SolutionGuid = {C5172837-C4FC-43E6-A1CD-4D0D472D5ED8}
	EndGlobalSection
EndGlobal
